// !$*UTF8*$!
{
	archiveVersion = 1;
	classes = {
	};
	objectVersion = 46;
	objects = {

/* Begin PBXBuildFile section */
		90A9F9B31C45A85E00D32E4A /* Forrest-Tests.swift in Sources */ = {isa = PBXBuildFile; fileRef = 90A9F9B21C45A85E00D32E4A /* Forrest-Tests.swift */; };
		90C4237D1C44777800F57B37 /* Info.plist in Resources */ = {isa = PBXBuildFile; fileRef = 90C4237B1C44777800F57B37 /* Info.plist */; };
		90C4237E1C44777800F57B37 /* Tests.swift in Sources */ = {isa = PBXBuildFile; fileRef = 90C4237C1C44777800F57B37 /* Tests.swift */; };
		90C423841C4477D500F57B37 /* main.swift in Sources */ = {isa = PBXBuildFile; fileRef = 90C423831C4477D500F57B37 /* main.swift */; };
		90C423861C44781800F57B37 /* Command.swift in Sources */ = {isa = PBXBuildFile; fileRef = 90C423851C44781800F57B37 /* Command.swift */; };
		90C423871C44781800F57B37 /* Command.swift in Sources */ = {isa = PBXBuildFile; fileRef = 90C423851C44781800F57B37 /* Command.swift */; };
		90C423891C44785500F57B37 /* Executor.swift in Sources */ = {isa = PBXBuildFile; fileRef = 90C423881C44785500F57B37 /* Executor.swift */; };
		90C4238A1C44785500F57B37 /* Executor.swift in Sources */ = {isa = PBXBuildFile; fileRef = 90C423881C44785500F57B37 /* Executor.swift */; };
		90C4238C1C44786300F57B37 /* TaskExecutor.swift in Sources */ = {isa = PBXBuildFile; fileRef = 90C4238B1C44786300F57B37 /* TaskExecutor.swift */; };
		90C4238D1C44786300F57B37 /* TaskExecutor.swift in Sources */ = {isa = PBXBuildFile; fileRef = 90C4238B1C44786300F57B37 /* TaskExecutor.swift */; };
		90C4238F1C44791B00F57B37 /* CommandResult.swift in Sources */ = {isa = PBXBuildFile; fileRef = 90C4238E1C44791B00F57B37 /* CommandResult.swift */; };
		90C423901C44791B00F57B37 /* CommandResult.swift in Sources */ = {isa = PBXBuildFile; fileRef = 90C4238E1C44791B00F57B37 /* CommandResult.swift */; };
		90C423921C44794700F57B37 /* Executable.swift in Sources */ = {isa = PBXBuildFile; fileRef = 90C423911C44794700F57B37 /* Executable.swift */; };
		90C423931C44794700F57B37 /* Executable.swift in Sources */ = {isa = PBXBuildFile; fileRef = 90C423911C44794700F57B37 /* Executable.swift */; };
		90C423951C4479E800F57B37 /* Forrest.swift in Sources */ = {isa = PBXBuildFile; fileRef = 90C423941C4479E800F57B37 /* Forrest.swift */; };
		90C423961C4479E800F57B37 /* Forrest.swift in Sources */ = {isa = PBXBuildFile; fileRef = 90C423941C4479E800F57B37 /* Forrest.swift */; };
/* End PBXBuildFile section */

/* Begin PBXCopyFilesBuildPhase section */
		90C4235A1C44752400F57B37 /* CopyFiles */ = {
			isa = PBXCopyFilesBuildPhase;
			buildActionMask = 2147483647;
			dstPath = /usr/share/man/man1/;
			dstSubfolderSpec = 0;
			files = (
			);
			runOnlyForDeploymentPostprocessing = 1;
		};
/* End PBXCopyFilesBuildPhase section */

/* Begin PBXFileReference section */
		90A9F9B21C45A85E00D32E4A /* Forrest-Tests.swift */ = {isa = PBXFileReference; fileEncoding = 4; lastKnownFileType = sourcecode.swift; path = "Forrest-Tests.swift"; sourceTree = "<group>"; };
		90C4235C1C44752400F57B37 /* Run-Forrest-Run */ = {isa = PBXFileReference; explicitFileType = "compiled.mach-o.executable"; includeInIndex = 0; path = "Run-Forrest-Run"; sourceTree = BUILT_PRODUCTS_DIR; };
		90C4236F1C4476A000F57B37 /* Run-Forrest-Run-Tests.xctest */ = {isa = PBXFileReference; explicitFileType = wrapper.cfbundle; includeInIndex = 0; path = "Run-Forrest-Run-Tests.xctest"; sourceTree = BUILT_PRODUCTS_DIR; };
		90C4237B1C44777800F57B37 /* Info.plist */ = {isa = PBXFileReference; fileEncoding = 4; lastKnownFileType = text.plist.xml; path = Info.plist; sourceTree = "<group>"; };
		90C4237C1C44777800F57B37 /* Tests.swift */ = {isa = PBXFileReference; fileEncoding = 4; lastKnownFileType = sourcecode.swift; path = Tests.swift; sourceTree = "<group>"; };
		90C423831C4477D500F57B37 /* main.swift */ = {isa = PBXFileReference; fileEncoding = 4; lastKnownFileType = sourcecode.swift; path = main.swift; sourceTree = "<group>"; };
		90C423851C44781800F57B37 /* Command.swift */ = {isa = PBXFileReference; fileEncoding = 4; lastKnownFileType = sourcecode.swift; path = Command.swift; sourceTree = "<group>"; };
		90C423881C44785500F57B37 /* Executor.swift */ = {isa = PBXFileReference; fileEncoding = 4; lastKnownFileType = sourcecode.swift; path = Executor.swift; sourceTree = "<group>"; };
		90C4238B1C44786300F57B37 /* TaskExecutor.swift */ = {isa = PBXFileReference; fileEncoding = 4; lastKnownFileType = sourcecode.swift; path = TaskExecutor.swift; sourceTree = "<group>"; };
		90C4238E1C44791B00F57B37 /* CommandResult.swift */ = {isa = PBXFileReference; fileEncoding = 4; lastKnownFileType = sourcecode.swift; path = CommandResult.swift; sourceTree = "<group>"; };
		90C423911C44794700F57B37 /* Executable.swift */ = {isa = PBXFileReference; fileEncoding = 4; lastKnownFileType = sourcecode.swift; path = Executable.swift; sourceTree = "<group>"; };
		90C423941C4479E800F57B37 /* Forrest.swift */ = {isa = PBXFileReference; fileEncoding = 4; lastKnownFileType = sourcecode.swift; path = Forrest.swift; sourceTree = "<group>"; };
/* End PBXFileReference section */

/* Begin PBXFrameworksBuildPhase section */
		90C423591C44752400F57B37 /* Frameworks */ = {
			isa = PBXFrameworksBuildPhase;
			buildActionMask = 2147483647;
			files = (
			);
			runOnlyForDeploymentPostprocessing = 0;
		};
		90C4236C1C4476A000F57B37 /* Frameworks */ = {
			isa = PBXFrameworksBuildPhase;
			buildActionMask = 2147483647;
			files = (
			);
			runOnlyForDeploymentPostprocessing = 0;
		};
/* End PBXFrameworksBuildPhase section */

/* Begin PBXGroup section */
		90C423531C44752400F57B37 = {
			isa = PBXGroup;
			children = (
				90C423821C4477D500F57B37 /* Examples */,
				90C4237A1C44777800F57B37 /* Run-Forrest-Run-Tests */,
				90C423661C4475AD00F57B37 /* Sources */,
				90C4235D1C44752400F57B37 /* Products */,
			);
			sourceTree = "<group>";
		};
		90C4235D1C44752400F57B37 /* Products */ = {
			isa = PBXGroup;
			children = (
				90C4235C1C44752400F57B37 /* Run-Forrest-Run */,
				90C4236F1C4476A000F57B37 /* Run-Forrest-Run-Tests.xctest */,
			);
			name = Products;
			sourceTree = "<group>";
		};
		90C423661C4475AD00F57B37 /* Sources */ = {
			isa = PBXGroup;
			children = (
				90C423851C44781800F57B37 /* Command.swift */,
				90C423881C44785500F57B37 /* Executor.swift */,
				90C4238B1C44786300F57B37 /* TaskExecutor.swift */,
				90C4238E1C44791B00F57B37 /* CommandResult.swift */,
				90C423911C44794700F57B37 /* Executable.swift */,
				90C423941C4479E800F57B37 /* Forrest.swift */,
			);
			path = Sources;
			sourceTree = "<group>";
		};
		90C4237A1C44777800F57B37 /* Run-Forrest-Run-Tests */ = {
			isa = PBXGroup;
			children = (
				90C4237B1C44777800F57B37 /* Info.plist */,
				90C4237C1C44777800F57B37 /* Tests.swift */,
				90A9F9B21C45A85E00D32E4A /* Forrest-Tests.swift */,
			);
			path = "Run-Forrest-Run-Tests";
			sourceTree = "<group>";
		};
		90C423821C4477D500F57B37 /* Examples */ = {
			isa = PBXGroup;
			children = (
				90C423831C4477D500F57B37 /* main.swift */,
			);
			path = Examples;
			sourceTree = "<group>";
		};
/* End PBXGroup section */

/* Begin PBXNativeTarget section */
		90C4235B1C44752400F57B37 /* Run-Forrest-Run */ = {
			isa = PBXNativeTarget;
			buildConfigurationList = 90C423631C44752400F57B37 /* Build configuration list for PBXNativeTarget "Run-Forrest-Run" */;
			buildPhases = (
				90C423581C44752400F57B37 /* Sources */,
				90C423591C44752400F57B37 /* Frameworks */,
				90C4235A1C44752400F57B37 /* CopyFiles */,
			);
			buildRules = (
			);
			dependencies = (
			);
			name = "Run-Forrest-Run";
			productName = "Run-Forrest-Run";
			productReference = 90C4235C1C44752400F57B37 /* Run-Forrest-Run */;
			productType = "com.apple.product-type.tool";
		};
		90C4236E1C4476A000F57B37 /* Run-Forrest-Run-Tests */ = {
			isa = PBXNativeTarget;
			buildConfigurationList = 90C423741C4476A000F57B37 /* Build configuration list for PBXNativeTarget "Run-Forrest-Run-Tests" */;
			buildPhases = (
				90C4236B1C4476A000F57B37 /* Sources */,
				90C4236C1C4476A000F57B37 /* Frameworks */,
				90C4236D1C4476A000F57B37 /* Resources */,
			);
			buildRules = (
			);
			dependencies = (
			);
			name = "Run-Forrest-Run-Tests";
			productName = "Run-Forrest-Run-Tests";
			productReference = 90C4236F1C4476A000F57B37 /* Run-Forrest-Run-Tests.xctest */;
			productType = "com.apple.product-type.bundle.unit-test";
		};
/* End PBXNativeTarget section */

/* Begin PBXProject section */
		90C423541C44752400F57B37 /* Project object */ = {
			isa = PBXProject;
			attributes = {
				LastSwiftUpdateCheck = 0720;
				LastUpgradeCheck = 0720;
				ORGANIZATIONNAME = "Michele Gruppioni";
				TargetAttributes = {
					90C4235B1C44752400F57B37 = {
						CreatedOnToolsVersion = 7.2;
					};
					90C4236E1C4476A000F57B37 = {
						CreatedOnToolsVersion = 7.2;
					};
				};
			};
			buildConfigurationList = 90C423571C44752400F57B37 /* Build configuration list for PBXProject "Run-Forrest-Run" */;
			compatibilityVersion = "Xcode 3.2";
			developmentRegion = English;
			hasScannedForEncodings = 0;
			knownRegions = (
				en,
			);
			mainGroup = 90C423531C44752400F57B37;
			productRefGroup = 90C4235D1C44752400F57B37 /* Products */;
			projectDirPath = "";
			projectRoot = "";
			targets = (
				90C4235B1C44752400F57B37 /* Run-Forrest-Run */,
				90C4236E1C4476A000F57B37 /* Run-Forrest-Run-Tests */,
			);
		};
/* End PBXProject section */

/* Begin PBXResourcesBuildPhase section */
		90C4236D1C4476A000F57B37 /* Resources */ = {
			isa = PBXResourcesBuildPhase;
			buildActionMask = 2147483647;
			files = (
				90C4237D1C44777800F57B37 /* Info.plist in Resources */,
			);
			runOnlyForDeploymentPostprocessing = 0;
		};
/* End PBXResourcesBuildPhase section */

/* Begin PBXSourcesBuildPhase section */
		90C423581C44752400F57B37 /* Sources */ = {
			isa = PBXSourcesBuildPhase;
			buildActionMask = 2147483647;
			files = (
				90C423951C4479E800F57B37 /* Forrest.swift in Sources */,
				90C423841C4477D500F57B37 /* main.swift in Sources */,
				90C423891C44785500F57B37 /* Executor.swift in Sources */,
				90C4238F1C44791B00F57B37 /* CommandResult.swift in Sources */,
				90C423861C44781800F57B37 /* Command.swift in Sources */,
				90C4238C1C44786300F57B37 /* TaskExecutor.swift in Sources */,
				90C423921C44794700F57B37 /* Executable.swift in Sources */,
			);
			runOnlyForDeploymentPostprocessing = 0;
		};
		90C4236B1C4476A000F57B37 /* Sources */ = {
			isa = PBXSourcesBuildPhase;
			buildActionMask = 2147483647;
			files = (
				90C423961C4479E800F57B37 /* Forrest.swift in Sources */,
				90C4237E1C44777800F57B37 /* Tests.swift in Sources */,
				90C4238A1C44785500F57B37 /* Executor.swift in Sources */,
				90A9F9B31C45A85E00D32E4A /* Forrest-Tests.swift in Sources */,
				90C423901C44791B00F57B37 /* CommandResult.swift in Sources */,
				90C423871C44781800F57B37 /* Command.swift in Sources */,
				90C4238D1C44786300F57B37 /* TaskExecutor.swift in Sources */,
				90C423931C44794700F57B37 /* Executable.swift in Sources */,
			);
			runOnlyForDeploymentPostprocessing = 0;
		};
/* End PBXSourcesBuildPhase section */

/* Begin XCBuildConfiguration section */
		90C423611C44752400F57B37 /* Debug */ = {
			isa = XCBuildConfiguration;
			buildSettings = {
				ALWAYS_SEARCH_USER_PATHS = NO;
				CLANG_CXX_LANGUAGE_STANDARD = "gnu++0x";
				CLANG_CXX_LIBRARY = "libc++";
				CLANG_ENABLE_MODULES = YES;
				CLANG_ENABLE_OBJC_ARC = YES;
				CLANG_WARN_BOOL_CONVERSION = YES;
				CLANG_WARN_CONSTANT_CONVERSION = YES;
				CLANG_WARN_DIRECT_OBJC_ISA_USAGE = YES_ERROR;
				CLANG_WARN_EMPTY_BODY = YES;
				CLANG_WARN_ENUM_CONVERSION = YES;
				CLANG_WARN_INT_CONVERSION = YES;
				CLANG_WARN_OBJC_ROOT_CLASS = YES_ERROR;
				CLANG_WARN_UNREACHABLE_CODE = YES;
				CLANG_WARN__DUPLICATE_METHOD_MATCH = YES;
				CODE_SIGN_IDENTITY = "-";
				COPY_PHASE_STRIP = NO;
				DEBUG_INFORMATION_FORMAT = dwarf;
				ENABLE_STRICT_OBJC_MSGSEND = YES;
				ENABLE_TESTABILITY = YES;
				GCC_C_LANGUAGE_STANDARD = gnu99;
				GCC_DYNAMIC_NO_PIC = NO;
				GCC_NO_COMMON_BLOCKS = YES;
				GCC_OPTIMIZATION_LEVEL = 0;
				GCC_PREPROCESSOR_DEFINITIONS = (
					"DEBUG=1",
					"$(inherited)",
				);
				GCC_WARN_64_TO_32_BIT_CONVERSION = YES;
				GCC_WARN_ABOUT_RETURN_TYPE = YES_ERROR;
				GCC_WARN_UNDECLARED_SELECTOR = YES;
				GCC_WARN_UNINITIALIZED_AUTOS = YES_AGGRESSIVE;
				GCC_WARN_UNUSED_FUNCTION = YES;
				GCC_WARN_UNUSED_VARIABLE = YES;
				MACOSX_DEPLOYMENT_TARGET = 10.11;
				MTL_ENABLE_DEBUG_INFO = YES;
				ONLY_ACTIVE_ARCH = YES;
				SDKROOT = macosx;
				SWIFT_OPTIMIZATION_LEVEL = "-Onone";
			};
			name = Debug;
		};
		90C423621C44752400F57B37 /* Release */ = {
			isa = XCBuildConfiguration;
			buildSettings = {
				ALWAYS_SEARCH_USER_PATHS = NO;
				CLANG_CXX_LANGUAGE_STANDARD = "gnu++0x";
				CLANG_CXX_LIBRARY = "libc++";
				CLANG_ENABLE_MODULES = YES;
				CLANG_ENABLE_OBJC_ARC = YES;
				CLANG_WARN_BOOL_CONVERSION = YES;
				CLANG_WARN_CONSTANT_CONVERSION = YES;
				CLANG_WARN_DIRECT_OBJC_ISA_USAGE = YES_ERROR;
				CLANG_WARN_EMPTY_BODY = YES;
				CLANG_WARN_ENUM_CONVERSION = YES;
				CLANG_WARN_INT_CONVERSION = YES;
				CLANG_WARN_OBJC_ROOT_CLASS = YES_ERROR;
				CLANG_WARN_UNREACHABLE_CODE = YES;
				CLANG_WARN__DUPLICATE_METHOD_MATCH = YES;
				CODE_SIGN_IDENTITY = "-";
				COPY_PHASE_STRIP = NO;
				DEBUG_INFORMATION_FORMAT = "dwarf-with-dsym";
				ENABLE_NS_ASSERTIONS = NO;
				ENABLE_STRICT_OBJC_MSGSEND = YES;
				GCC_C_LANGUAGE_STANDARD = gnu99;
				GCC_NO_COMMON_BLOCKS = YES;
				GCC_WARN_64_TO_32_BIT_CONVERSION = YES;
				GCC_WARN_ABOUT_RETURN_TYPE = YES_ERROR;
				GCC_WARN_UNDECLARED_SELECTOR = YES;
				GCC_WARN_UNINITIALIZED_AUTOS = YES_AGGRESSIVE;
				GCC_WARN_UNUSED_FUNCTION = YES;
				GCC_WARN_UNUSED_VARIABLE = YES;
				MACOSX_DEPLOYMENT_TARGET = 10.11;
				MTL_ENABLE_DEBUG_INFO = NO;
				SDKROOT = macosx;
			};
			name = Release;
		};
		90C423641C44752400F57B37 /* Debug */ = {
			isa = XCBuildConfiguration;
			buildSettings = {
				PRODUCT_NAME = "$(TARGET_NAME)";
			};
			name = Debug;
		};
		90C423651C44752400F57B37 /* Release */ = {
			isa = XCBuildConfiguration;
			buildSettings = {
				PRODUCT_NAME = "$(TARGET_NAME)";
			};
			name = Release;
		};
		90C423751C4476A000F57B37 /* Debug */ = {
			isa = XCBuildConfiguration;
			buildSettings = {
				COMBINE_HIDPI_IMAGES = YES;
				INFOPLIST_FILE = "Run-Forrest-Run-Tests/Info.plist";
				LD_RUNPATH_SEARCH_PATHS = "$(inherited) @executable_path/../Frameworks @loader_path/../Frameworks";
				PRODUCT_BUNDLE_IDENTIFIER = "Michele-Gruppioni.Run-Forrest-Run-Tests";
				PRODUCT_NAME = "$(TARGET_NAME)";
			};
			name = Debug;
		};
		90C423761C4476A000F57B37 /* Release */ = {
			isa = XCBuildConfiguration;
			buildSettings = {
				COMBINE_HIDPI_IMAGES = YES;
				INFOPLIST_FILE = "Run-Forrest-Run-Tests/Info.plist";
				LD_RUNPATH_SEARCH_PATHS = "$(inherited) @executable_path/../Frameworks @loader_path/../Frameworks";
				PRODUCT_BUNDLE_IDENTIFIER = "Michele-Gruppioni.Run-Forrest-Run-Tests";
				PRODUCT_NAME = "$(TARGET_NAME)";
			};
			name = Release;
		};
/* End XCBuildConfiguration section */

/* Begin XCConfigurationList section */
		90C423571C44752400F57B37 /* Build configuration list for PBXProject "Run-Forrest-Run" */ = {
			isa = XCConfigurationList;
			buildConfigurations = (
				90C423611C44752400F57B37 /* Debug */,
				90C423621C44752400F57B37 /* Release */,
			);
			defaultConfigurationIsVisible = 0;
			defaultConfigurationName = Release;
		};
		90C423631C44752400F57B37 /* Build configuration list for PBXNativeTarget "Run-Forrest-Run" */ = {
			isa = XCConfigurationList;
			buildConfigurations = (
				90C423641C44752400F57B37 /* Debug */,
				90C423651C44752400F57B37 /* Release */,
			);
			defaultConfigurationIsVisible = 0;
			defaultConfigurationName = Release;
		};
		90C423741C4476A000F57B37 /* Build configuration list for PBXNativeTarget "Run-Forrest-Run-Tests" */ = {
			isa = XCConfigurationList;
			buildConfigurations = (
				90C423751C4476A000F57B37 /* Debug */,
				90C423761C4476A000F57B37 /* Release */,
			);
			defaultConfigurationIsVisible = 0;
			defaultConfigurationName = Release;
		};
/* End XCConfigurationList section */
	};
	rootObject = 90C423541C44752400F57B37 /* Project object */;
}
